// !$*UTF8*$!
{
	archiveVersion = 1;
	classes = {
	};
	objectVersion = 56;
	objects = {

/* Begin PBXBuildFile section */
		C806EEEF29D08EF6003AE7FA /* AppDelegate.swift in Sources */ = {isa = PBXBuildFile; fileRef = C806EEEE29D08EF6003AE7FA /* AppDelegate.swift */; };
		C806EEF129D08EF6003AE7FA /* SceneDelegate.swift in Sources */ = {isa = PBXBuildFile; fileRef = C806EEF029D08EF6003AE7FA /* SceneDelegate.swift */; };
		C806EEF329D08EF6003AE7FA /* ViewController.swift in Sources */ = {isa = PBXBuildFile; fileRef = C806EEF229D08EF6003AE7FA /* ViewController.swift */; };
		C806EEF629D08EF6003AE7FA /* Main.storyboard in Resources */ = {isa = PBXBuildFile; fileRef = C806EEF429D08EF6003AE7FA /* Main.storyboard */; };
		C806EEF829D08EF8003AE7FA /* Assets.xcassets in Resources */ = {isa = PBXBuildFile; fileRef = C806EEF729D08EF8003AE7FA /* Assets.xcassets */; };
		C806EEFB29D08EF8003AE7FA /* LaunchScreen.storyboard in Resources */ = {isa = PBXBuildFile; fileRef = C806EEF929D08EF8003AE7FA /* LaunchScreen.storyboard */; };
		C806EF0729D0CB74003AE7FA /* SignUpViewController.swift in Sources */ = {isa = PBXBuildFile; fileRef = C806EF0629D0CB74003AE7FA /* SignUpViewController.swift */; };
		C806EF0929D0CB98003AE7FA /* ForgetPassViewController.swift in Sources */ = {isa = PBXBuildFile; fileRef = C806EF0829D0CB97003AE7FA /* ForgetPassViewController.swift */; };
		C806EF0B29D0CBFF003AE7FA /* LoginViewController.swift in Sources */ = {isa = PBXBuildFile; fileRef = C806EF0A29D0CBFF003AE7FA /* LoginViewController.swift */; };
/* End PBXBuildFile section */

/* Begin PBXFileReference section */
		C806EEEB29D08EF6003AE7FA /* CoffeeTracker.app */ = {isa = PBXFileReference; explicitFileType = wrapper.application; includeInIndex = 0; path = CoffeeTracker.app; sourceTree = BUILT_PRODUCTS_DIR; };
		C806EEEE29D08EF6003AE7FA /* AppDelegate.swift */ = {isa = PBXFileReference; lastKnownFileType = sourcecode.swift; path = AppDelegate.swift; sourceTree = "<group>"; };
		C806EEF029D08EF6003AE7FA /* SceneDelegate.swift */ = {isa = PBXFileReference; lastKnownFileType = sourcecode.swift; path = SceneDelegate.swift; sourceTree = "<group>"; };
		C806EEF229D08EF6003AE7FA /* ViewController.swift */ = {isa = PBXFileReference; lastKnownFileType = sourcecode.swift; path = ViewController.swift; sourceTree = "<group>"; };
		C806EEF529D08EF6003AE7FA /* Base */ = {isa = PBXFileReference; lastKnownFileType = file.storyboard; name = Base; path = Base.lproj/Main.storyboard; sourceTree = "<group>"; };
		C806EEF729D08EF8003AE7FA /* Assets.xcassets */ = {isa = PBXFileReference; lastKnownFileType = folder.assetcatalog; path = Assets.xcassets; sourceTree = "<group>"; };
		C806EEFA29D08EF8003AE7FA /* Base */ = {isa = PBXFileReference; lastKnownFileType = file.storyboard; name = Base; path = Base.lproj/LaunchScreen.storyboard; sourceTree = "<group>"; };
		C806EEFC29D08EF8003AE7FA /* Info.plist */ = {isa = PBXFileReference; lastKnownFileType = text.plist.xml; path = Info.plist; sourceTree = "<group>"; };
		C806EF0629D0CB74003AE7FA /* SignUpViewController.swift */ = {isa = PBXFileReference; lastKnownFileType = sourcecode.swift; path = SignUpViewController.swift; sourceTree = "<group>"; };
		C806EF0829D0CB97003AE7FA /* ForgetPassViewController.swift */ = {isa = PBXFileReference; lastKnownFileType = sourcecode.swift; path = ForgetPassViewController.swift; sourceTree = "<group>"; };
		C806EF0A29D0CBFF003AE7FA /* LoginViewController.swift */ = {isa = PBXFileReference; lastKnownFileType = sourcecode.swift; path = LoginViewController.swift; sourceTree = "<group>"; };
/* End PBXFileReference section */

/* Begin PBXFrameworksBuildPhase section */
		C806EEE829D08EF6003AE7FA /* Frameworks */ = {
			isa = PBXFrameworksBuildPhase;
			buildActionMask = 2147483647;
			files = (
			);
			runOnlyForDeploymentPostprocessing = 0;
		};
/* End PBXFrameworksBuildPhase section */

/* Begin PBXGroup section */
		C806EEE229D08EF6003AE7FA = {
			isa = PBXGroup;
			children = (
				C806EEED29D08EF6003AE7FA /* CoffeeTracker */,
				C806EEEC29D08EF6003AE7FA /* Products */,
			);
			sourceTree = "<group>";
		};
		C806EEEC29D08EF6003AE7FA /* Products */ = {
			isa = PBXGroup;
			children = (
				C806EEEB29D08EF6003AE7FA /* CoffeeTracker.app */,
			);
			name = Products;
			sourceTree = "<group>";
		};
		C806EEED29D08EF6003AE7FA /* CoffeeTracker */ = {
			isa = PBXGroup;
			children = (
				C806EF0229D08F05003AE7FA /* Models */,
				C806EF0529D08F3C003AE7FA /* App */,
				C806EF0329D08F11003AE7FA /* View Controllers */,
				C806EF0429D08F28003AE7FA /* Stroryboard */,
				C806EEF729D08EF8003AE7FA /* Assets.xcassets */,
			);
			path = CoffeeTracker;
			sourceTree = "<group>";
		};
		C806EF0229D08F05003AE7FA /* Models */ = {
			isa = PBXGroup;
			children = (
			);
			path = Models;
			sourceTree = "<group>";
		};
		C806EF0329D08F11003AE7FA /* View Controllers */ = {
			isa = PBXGroup;
			children = (
				C806EEF229D08EF6003AE7FA /* ViewController.swift */,
				C806EF0629D0CB74003AE7FA /* SignUpViewController.swift */,
				C806EF0829D0CB97003AE7FA /* ForgetPassViewController.swift */,
				C806EF0A29D0CBFF003AE7FA /* LoginViewController.swift */,
			);
			path = "View Controllers";
			sourceTree = "<group>";
		};
		C806EF0429D08F28003AE7FA /* Stroryboard */ = {
			isa = PBXGroup;
			children = (
				C806EEF429D08EF6003AE7FA /* Main.storyboard */,
				C806EEF929D08EF8003AE7FA /* LaunchScreen.storyboard */,
			);
			path = Stroryboard;
			sourceTree = "<group>";
		};
		C806EF0529D08F3C003AE7FA /* App */ = {
			isa = PBXGroup;
			children = (
				C806EEEE29D08EF6003AE7FA /* AppDelegate.swift */,
				C806EEF029D08EF6003AE7FA /* SceneDelegate.swift */,
				C806EEFC29D08EF8003AE7FA /* Info.plist */,
			);
			path = App;
			sourceTree = "<group>";
		};
/* End PBXGroup section */

/* Begin PBXNativeTarget section */
		C806EEEA29D08EF6003AE7FA /* CoffeeTracker */ = {
			isa = PBXNativeTarget;
			buildConfigurationList = C806EEFF29D08EF8003AE7FA /* Build configuration list for PBXNativeTarget "CoffeeTracker" */;
			buildPhases = (
				C806EEE729D08EF6003AE7FA /* Sources */,
				C806EEE829D08EF6003AE7FA /* Frameworks */,
				C806EEE929D08EF6003AE7FA /* Resources */,
			);
			buildRules = (
			);
			dependencies = (
			);
			name = CoffeeTracker;
			productName = CoffeeTracker;
			productReference = C806EEEB29D08EF6003AE7FA /* CoffeeTracker.app */;
			productType = "com.apple.product-type.application";
		};
/* End PBXNativeTarget section */

/* Begin PBXProject section */
		C806EEE329D08EF6003AE7FA /* Project object */ = {
			isa = PBXProject;
			attributes = {
				BuildIndependentTargetsInParallel = 1;
				LastSwiftUpdateCheck = 1420;
				LastUpgradeCheck = 1420;
				TargetAttributes = {
					C806EEEA29D08EF6003AE7FA = {
						CreatedOnToolsVersion = 14.2;
					};
				};
			};
			buildConfigurationList = C806EEE629D08EF6003AE7FA /* Build configuration list for PBXProject "CoffeeTracker" */;
			compatibilityVersion = "Xcode 14.0";
			developmentRegion = en;
			hasScannedForEncodings = 0;
			knownRegions = (
				en,
				Base,
			);
			mainGroup = C806EEE229D08EF6003AE7FA;
			productRefGroup = C806EEEC29D08EF6003AE7FA /* Products */;
			projectDirPath = "";
			projectRoot = "";
			targets = (
				C806EEEA29D08EF6003AE7FA /* CoffeeTracker */,
			);
		};
/* End PBXProject section */

/* Begin PBXResourcesBuildPhase section */
		C806EEE929D08EF6003AE7FA /* Resources */ = {
			isa = PBXResourcesBuildPhase;
			buildActionMask = 2147483647;
			files = (
				C806EEFB29D08EF8003AE7FA /* LaunchScreen.storyboard in Resources */,
				C806EEF829D08EF8003AE7FA /* Assets.xcassets in Resources */,
				C806EEF629D08EF6003AE7FA /* Main.storyboard in Resources */,
			);
			runOnlyForDeploymentPostprocessing = 0;
		};
/* End PBXResourcesBuildPhase section */

/* Begin PBXSourcesBuildPhase section */
		C806EEE729D08EF6003AE7FA /* Sources */ = {
			isa = PBXSourcesBuildPhase;
			buildActionMask = 2147483647;
			files = (
				C806EF0B29D0CBFF003AE7FA /* LoginViewController.swift in Sources */,
				C806EEF329D08EF6003AE7FA /* ViewController.swift in Sources */,
				C806EEEF29D08EF6003AE7FA /* AppDelegate.swift in Sources */,
				C806EF0729D0CB74003AE7FA /* SignUpViewController.swift in Sources */,
				C806EEF129D08EF6003AE7FA /* SceneDelegate.swift in Sources */,
				C806EF0929D0CB98003AE7FA /* ForgetPassViewController.swift in Sources */,
			);
			runOnlyForDeploymentPostprocessing = 0;
		};
/* End PBXSourcesBuildPhase section */

/* Begin PBXVariantGroup section */
		C806EEF429D08EF6003AE7FA /* Main.storyboard */ = {
			isa = PBXVariantGroup;
			children = (
				C806EEF529D08EF6003AE7FA /* Base */,
			);
			name = Main.storyboard;
			sourceTree = "<group>";
		};
		C806EEF929D08EF8003AE7FA /* LaunchScreen.storyboard */ = {
			isa = PBXVariantGroup;
			children = (
				C806EEFA29D08EF8003AE7FA /* Base */,
			);
			name = LaunchScreen.storyboard;
			sourceTree = "<group>";
		};
/* End PBXVariantGroup section */

/* Begin XCBuildConfiguration section */
		C806EEFD29D08EF8003AE7FA /* Debug */ = {
			isa = XCBuildConfiguration;
			buildSettings = {
				ALWAYS_SEARCH_USER_PATHS = NO;
				CLANG_ANALYZER_NONNULL = YES;
				CLANG_ANALYZER_NUMBER_OBJECT_CONVERSION = YES_AGGRESSIVE;
				CLANG_CXX_LANGUAGE_STANDARD = "gnu++20";
				CLANG_ENABLE_MODULES = YES;
				CLANG_ENABLE_OBJC_ARC = YES;
				CLANG_ENABLE_OBJC_WEAK = YES;
				CLANG_WARN_BLOCK_CAPTURE_AUTORELEASING = YES;
				CLANG_WARN_BOOL_CONVERSION = YES;
				CLANG_WARN_COMMA = YES;
				CLANG_WARN_CONSTANT_CONVERSION = YES;
				CLANG_WARN_DEPRECATED_OBJC_IMPLEMENTATIONS = YES;
				CLANG_WARN_DIRECT_OBJC_ISA_USAGE = YES_ERROR;
				CLANG_WARN_DOCUMENTATION_COMMENTS = YES;
				CLANG_WARN_EMPTY_BODY = YES;
				CLANG_WARN_ENUM_CONVERSION = YES;
				CLANG_WARN_INFINITE_RECURSION = YES;
				CLANG_WARN_INT_CONVERSION = YES;
				CLANG_WARN_NON_LITERAL_NULL_CONVERSION = YES;
				CLANG_WARN_OBJC_IMPLICIT_RETAIN_SELF = YES;
				CLANG_WARN_OBJC_LITERAL_CONVERSION = YES;
				CLANG_WARN_OBJC_ROOT_CLASS = YES_ERROR;
				CLANG_WARN_QUOTED_INCLUDE_IN_FRAMEWORK_HEADER = YES;
				CLANG_WARN_RANGE_LOOP_ANALYSIS = YES;
				CLANG_WARN_STRICT_PROTOTYPES = YES;
				CLANG_WARN_SUSPICIOUS_MOVE = YES;
				CLANG_WARN_UNGUARDED_AVAILABILITY = YES_AGGRESSIVE;
				CLANG_WARN_UNREACHABLE_CODE = YES;
				CLANG_WARN__DUPLICATE_METHOD_MATCH = YES;
				COPY_PHASE_STRIP = NO;
				DEBUG_INFORMATION_FORMAT = dwarf;
				ENABLE_STRICT_OBJC_MSGSEND = YES;
				ENABLE_TESTABILITY = YES;
				GCC_C_LANGUAGE_STANDARD = gnu11;
				GCC_DYNAMIC_NO_PIC = NO;
				GCC_NO_COMMON_BLOCKS = YES;
				GCC_OPTIMIZATION_LEVEL = 0;
				GCC_PREPROCESSOR_DEFINITIONS = (
					"DEBUG=1",
					"$(inherited)",
				);
				GCC_WARN_64_TO_32_BIT_CONVERSION = YES;
				GCC_WARN_ABOUT_RETURN_TYPE = YES_ERROR;
				GCC_WARN_UNDECLARED_SELECTOR = YES;
				GCC_WARN_UNINITIALIZED_AUTOS = YES_AGGRESSIVE;
				GCC_WARN_UNUSED_FUNCTION = YES;
				GCC_WARN_UNUSED_VARIABLE = YES;
				IPHONEOS_DEPLOYMENT_TARGET = 16.2;
				MTL_ENABLE_DEBUG_INFO = INCLUDE_SOURCE;
				MTL_FAST_MATH = YES;
				ONLY_ACTIVE_ARCH = YES;
				SDKROOT = iphoneos;
				SWIFT_ACTIVE_COMPILATION_CONDITIONS = DEBUG;
				SWIFT_OPTIMIZATION_LEVEL = "-Onone";
			};
			name = Debug;
		};
		C806EEFE29D08EF8003AE7FA /* Release */ = {
			isa = XCBuildConfiguration;
			buildSettings = {
				ALWAYS_SEARCH_USER_PATHS = NO;
				CLANG_ANALYZER_NONNULL = YES;
				CLANG_ANALYZER_NUMBER_OBJECT_CONVERSION = YES_AGGRESSIVE;
				CLANG_CXX_LANGUAGE_STANDARD = "gnu++20";
				CLANG_ENABLE_MODULES = YES;
				CLANG_ENABLE_OBJC_ARC = YES;
				CLANG_ENABLE_OBJC_WEAK = YES;
				CLANG_WARN_BLOCK_CAPTURE_AUTORELEASING = YES;
				CLANG_WARN_BOOL_CONVERSION = YES;
				CLANG_WARN_COMMA = YES;
				CLANG_WARN_CONSTANT_CONVERSION = YES;
				CLANG_WARN_DEPRECATED_OBJC_IMPLEMENTATIONS = YES;
				CLANG_WARN_DIRECT_OBJC_ISA_USAGE = YES_ERROR;
				CLANG_WARN_DOCUMENTATION_COMMENTS = YES;
				CLANG_WARN_EMPTY_BODY = YES;
				CLANG_WARN_ENUM_CONVERSION = YES;
				CLANG_WARN_INFINITE_RECURSION = YES;
				CLANG_WARN_INT_CONVERSION = YES;
				CLANG_WARN_NON_LITERAL_NULL_CONVERSION = YES;
				CLANG_WARN_OBJC_IMPLICIT_RETAIN_SELF = YES;
				CLANG_WARN_OBJC_LITERAL_CONVERSION = YES;
				CLANG_WARN_OBJC_ROOT_CLASS = YES_ERROR;
				CLANG_WARN_QUOTED_INCLUDE_IN_FRAMEWORK_HEADER = YES;
				CLANG_WARN_RANGE_LOOP_ANALYSIS = YES;
				CLANG_WARN_STRICT_PROTOTYPES = YES;
				CLANG_WARN_SUSPICIOUS_MOVE = YES;
				CLANG_WARN_UNGUARDED_AVAILABILITY = YES_AGGRESSIVE;
				CLANG_WARN_UNREACHABLE_CODE = YES;
				CLANG_WARN__DUPLICATE_METHOD_MATCH = YES;
				COPY_PHASE_STRIP = NO;
				DEBUG_INFORMATION_FORMAT = "dwarf-with-dsym";
				ENABLE_NS_ASSERTIONS = NO;
				ENABLE_STRICT_OBJC_MSGSEND = YES;
				GCC_C_LANGUAGE_STANDARD = gnu11;
				GCC_NO_COMMON_BLOCKS = YES;
				GCC_WARN_64_TO_32_BIT_CONVERSION = YES;
				GCC_WARN_ABOUT_RETURN_TYPE = YES_ERROR;
				GCC_WARN_UNDECLARED_SELECTOR = YES;
				GCC_WARN_UNINITIALIZED_AUTOS = YES_AGGRESSIVE;
				GCC_WARN_UNUSED_FUNCTION = YES;
				GCC_WARN_UNUSED_VARIABLE = YES;
				IPHONEOS_DEPLOYMENT_TARGET = 16.2;
				MTL_ENABLE_DEBUG_INFO = NO;
				MTL_FAST_MATH = YES;
				SDKROOT = iphoneos;
				SWIFT_COMPILATION_MODE = wholemodule;
				SWIFT_OPTIMIZATION_LEVEL = "-O";
				VALIDATE_PRODUCT = YES;
			};
			name = Release;
		};
		C806EF0029D08EF8003AE7FA /* Debug */ = {
			isa = XCBuildConfiguration;
			buildSettings = {
				ASSETCATALOG_COMPILER_APPICON_NAME = AppIcon;
				ASSETCATALOG_COMPILER_GLOBAL_ACCENT_COLOR_NAME = AccentColor;
				CODE_SIGN_STYLE = Automatic;
				CURRENT_PROJECT_VERSION = 1;
				DEVELOPMENT_TEAM = 3ZU3FM55GA;
				GENERATE_INFOPLIST_FILE = YES;
				INFOPLIST_FILE = CoffeeTracker/App/Info.plist;
				INFOPLIST_KEY_UIApplicationSupportsIndirectInputEvents = YES;
				INFOPLIST_KEY_UILaunchStoryboardName = LaunchScreen;
				INFOPLIST_KEY_UIMainStoryboardFile = Main;
				INFOPLIST_KEY_UISupportedInterfaceOrientations_iPad = "UIInterfaceOrientationPortrait UIInterfaceOrientationPortraitUpsideDown UIInterfaceOrientationLandscapeLeft UIInterfaceOrientationLandscapeRight";
				INFOPLIST_KEY_UISupportedInterfaceOrientations_iPhone = "UIInterfaceOrientationPortrait UIInterfaceOrientationLandscapeLeft UIInterfaceOrientationLandscapeRight";
				LD_RUNPATH_SEARCH_PATHS = (
					"$(inherited)",
					"@executable_path/Frameworks",
				);
				MARKETING_VERSION = 1.0;
				PRODUCT_BUNDLE_IDENTIFIER = ru.swiftbook.CoffeeTracker;
				PRODUCT_NAME = "$(TARGET_NAME)";
				SUPPORTED_PLATFORMS = "iphoneos iphonesimulator";
				SUPPORTS_MACCATALYST = NO;
				SUPPORTS_MAC_DESIGNED_FOR_IPHONE_IPAD = NO;
				SWIFT_EMIT_LOC_STRINGS = YES;
				SWIFT_VERSION = 5.0;
				TARGETED_DEVICE_FAMILY = 1;
			};
			name = Debug;
		};
		C806EF0129D08EF8003AE7FA /* Release */ = {
			isa = XCBuildConfiguration;
			buildSettings = {
				ASSETCATALOG_COMPILER_APPICON_NAME = AppIcon;
				ASSETCATALOG_COMPILER_GLOBAL_ACCENT_COLOR_NAME = AccentColor;
				CODE_SIGN_STYLE = Automatic;
				CURRENT_PROJECT_VERSION = 1;
				DEVELOPMENT_TEAM = 3ZU3FM55GA;
				GENERATE_INFOPLIST_FILE = YES;
				INFOPLIST_FILE = CoffeeTracker/App/Info.plist;
				INFOPLIST_KEY_UIApplicationSupportsIndirectInputEvents = YES;
				INFOPLIST_KEY_UILaunchStoryboardName = LaunchScreen;
				INFOPLIST_KEY_UIMainStoryboardFile = Main;
				INFOPLIST_KEY_UISupportedInterfaceOrientations_iPad = "UIInterfaceOrientationPortrait UIInterfaceOrientationPortraitUpsideDown UIInterfaceOrientationLandscapeLeft UIInterfaceOrientationLandscapeRight";
				INFOPLIST_KEY_UISupportedInterfaceOrientations_iPhone = "UIInterfaceOrientationPortrait UIInterfaceOrientationLandscapeLeft UIInterfaceOrientationLandscapeRight";
				LD_RUNPATH_SEARCH_PATHS = (
					"$(inherited)",
					"@executable_path/Frameworks",
				);
				MARKETING_VERSION = 1.0;
				PRODUCT_BUNDLE_IDENTIFIER = ru.swiftbook.CoffeeTracker;
				PRODUCT_NAME = "$(TARGET_NAME)";
				SUPPORTED_PLATFORMS = "iphoneos iphonesimulator";
				SUPPORTS_MACCATALYST = NO;
				SUPPORTS_MAC_DESIGNED_FOR_IPHONE_IPAD = NO;
				SWIFT_EMIT_LOC_STRINGS = YES;
				SWIFT_VERSION = 5.0;
				TARGETED_DEVICE_FAMILY = 1;
			};
			name = Release;
		};
/* End XCBuildConfiguration section */

/* Begin XCConfigurationList section */
		C806EEE629D08EF6003AE7FA /* Build configuration list for PBXProject "CoffeeTracker" */ = {
			isa = XCConfigurationList;
			buildConfigurations = (
				C806EEFD29D08EF8003AE7FA /* Debug */,
				C806EEFE29D08EF8003AE7FA /* Release */,
			);
			defaultConfigurationIsVisible = 0;
			defaultConfigurationName = Release;
		};
		C806EEFF29D08EF8003AE7FA /* Build configuration list for PBXNativeTarget "CoffeeTracker" */ = {
			isa = XCConfigurationList;
			buildConfigurations = (
				C806EF0029D08EF8003AE7FA /* Debug */,
				C806EF0129D08EF8003AE7FA /* Release */,
			);
			defaultConfigurationIsVisible = 0;
			defaultConfigurationName = Release;
		};
/* End XCConfigurationList section */
	};
	rootObject = C806EEE329D08EF6003AE7FA /* Project object */;
}
